// !$*UTF8*$!
{
	archiveVersion = 1;
	classes = {
	};
	objectVersion = 55;
	objects = {

/* Begin PBXBuildFile section */
		FADA7F112838C39500916152 /* metaringApp.swift in Sources */ = {isa = PBXBuildFile; fileRef = FADA7F102838C39500916152 /* metaringApp.swift */; };
		FADA7F132838C39500916152 /* ContentView.swift in Sources */ = {isa = PBXBuildFile; fileRef = FADA7F122838C39500916152 /* ContentView.swift */; };
		FADA7F152838C39A00916152 /* Assets.xcassets in Resources */ = {isa = PBXBuildFile; fileRef = FADA7F142838C39A00916152 /* Assets.xcassets */; };
		FADA7F182838C39A00916152 /* Preview Assets.xcassets in Resources */ = {isa = PBXBuildFile; fileRef = FADA7F172838C39A00916152 /* Preview Assets.xcassets */; };
		FADA7F1A2838C39A00916152 /* Persistence.swift in Sources */ = {isa = PBXBuildFile; fileRef = FADA7F192838C39A00916152 /* Persistence.swift */; };
		FADA7F1D2838C39A00916152 /* metaring.xcdatamodeld in Sources */ = {isa = PBXBuildFile; fileRef = FADA7F1B2838C39A00916152 /* metaring.xcdatamodeld */; };
		FADA7F272838C39A00916152 /* metaringTests.swift in Sources */ = {isa = PBXBuildFile; fileRef = FADA7F262838C39A00916152 /* metaringTests.swift */; };
		FADA7F312838C39A00916152 /* metaringUITests.swift in Sources */ = {isa = PBXBuildFile; fileRef = FADA7F302838C39A00916152 /* metaringUITests.swift */; };
		FADA7F332838C39A00916152 /* metaringUITestsLaunchTests.swift in Sources */ = {isa = PBXBuildFile; fileRef = FADA7F322838C39A00916152 /* metaringUITestsLaunchTests.swift */; };
		FADA7F7C2838D81400916152 /* DashboardView.swift in Sources */ = {isa = PBXBuildFile; fileRef = FADA7F7B2838D81400916152 /* DashboardView.swift */; };
		FADA7F7E2838D88500916152 /* DashboardButtonView.swift in Sources */ = {isa = PBXBuildFile; fileRef = FADA7F7D2838D88500916152 /* DashboardButtonView.swift */; };
		FADA7F812838D9D000916152 /* AssetHelpers.swift in Sources */ = {isa = PBXBuildFile; fileRef = FADA7F802838D9D000916152 /* AssetHelpers.swift */; };
		FADA7F832838EFB700916152 /* DashboardHeaderView.swift in Sources */ = {isa = PBXBuildFile; fileRef = FADA7F822838EFB700916152 /* DashboardHeaderView.swift */; };
		FADA7F932838FD9D00916152 /* MultiLineChartView.swift in Sources */ = {isa = PBXBuildFile; fileRef = FADA7F922838FD9D00916152 /* MultiLineChartView.swift */; };
/* End PBXBuildFile section */

/* Begin PBXContainerItemProxy section */
		FADA7F232838C39A00916152 /* PBXContainerItemProxy */ = {
			isa = PBXContainerItemProxy;
			containerPortal = FADA7F052838C39500916152 /* Project object */;
			proxyType = 1;
			remoteGlobalIDString = FADA7F0C2838C39500916152;
			remoteInfo = metaring;
		};
		FADA7F2D2838C39A00916152 /* PBXContainerItemProxy */ = {
			isa = PBXContainerItemProxy;
			containerPortal = FADA7F052838C39500916152 /* Project object */;
			proxyType = 1;
			remoteGlobalIDString = FADA7F0C2838C39500916152;
			remoteInfo = metaring;
		};
/* End PBXContainerItemProxy section */

/* Begin PBXFileReference section */
		FADA7F0D2838C39500916152 /* metaring.app */ = {isa = PBXFileReference; explicitFileType = wrapper.application; includeInIndex = 0; path = metaring.app; sourceTree = BUILT_PRODUCTS_DIR; };
		FADA7F102838C39500916152 /* metaringApp.swift */ = {isa = PBXFileReference; lastKnownFileType = sourcecode.swift; path = metaringApp.swift; sourceTree = "<group>"; };
		FADA7F122838C39500916152 /* ContentView.swift */ = {isa = PBXFileReference; lastKnownFileType = sourcecode.swift; path = ContentView.swift; sourceTree = "<group>"; };
		FADA7F142838C39A00916152 /* Assets.xcassets */ = {isa = PBXFileReference; lastKnownFileType = folder.assetcatalog; path = Assets.xcassets; sourceTree = "<group>"; };
		FADA7F172838C39A00916152 /* Preview Assets.xcassets */ = {isa = PBXFileReference; lastKnownFileType = folder.assetcatalog; path = "Preview Assets.xcassets"; sourceTree = "<group>"; };
		FADA7F192838C39A00916152 /* Persistence.swift */ = {isa = PBXFileReference; lastKnownFileType = sourcecode.swift; path = Persistence.swift; sourceTree = "<group>"; };
		FADA7F1C2838C39A00916152 /* metaring.xcdatamodel */ = {isa = PBXFileReference; lastKnownFileType = wrapper.xcdatamodel; path = metaring.xcdatamodel; sourceTree = "<group>"; };
		FADA7F222838C39A00916152 /* metaringTests.xctest */ = {isa = PBXFileReference; explicitFileType = wrapper.cfbundle; includeInIndex = 0; path = metaringTests.xctest; sourceTree = BUILT_PRODUCTS_DIR; };
		FADA7F262838C39A00916152 /* metaringTests.swift */ = {isa = PBXFileReference; lastKnownFileType = sourcecode.swift; path = metaringTests.swift; sourceTree = "<group>"; };
		FADA7F2C2838C39A00916152 /* metaringUITests.xctest */ = {isa = PBXFileReference; explicitFileType = wrapper.cfbundle; includeInIndex = 0; path = metaringUITests.xctest; sourceTree = BUILT_PRODUCTS_DIR; };
		FADA7F302838C39A00916152 /* metaringUITests.swift */ = {isa = PBXFileReference; lastKnownFileType = sourcecode.swift; path = metaringUITests.swift; sourceTree = "<group>"; };
		FADA7F322838C39A00916152 /* metaringUITestsLaunchTests.swift */ = {isa = PBXFileReference; lastKnownFileType = sourcecode.swift; path = metaringUITestsLaunchTests.swift; sourceTree = "<group>"; };
		FADA7F7B2838D81400916152 /* DashboardView.swift */ = {isa = PBXFileReference; lastKnownFileType = sourcecode.swift; path = DashboardView.swift; sourceTree = "<group>"; };
		FADA7F7D2838D88500916152 /* DashboardButtonView.swift */ = {isa = PBXFileReference; lastKnownFileType = sourcecode.swift; path = DashboardButtonView.swift; sourceTree = "<group>"; };
		FADA7F802838D9D000916152 /* AssetHelpers.swift */ = {isa = PBXFileReference; lastKnownFileType = sourcecode.swift; path = AssetHelpers.swift; sourceTree = "<group>"; };
		FADA7F822838EFB700916152 /* DashboardHeaderView.swift */ = {isa = PBXFileReference; lastKnownFileType = sourcecode.swift; path = DashboardHeaderView.swift; sourceTree = "<group>"; };
		FADA7F922838FD9D00916152 /* MultiLineChartView.swift */ = {isa = PBXFileReference; lastKnownFileType = sourcecode.swift; path = MultiLineChartView.swift; sourceTree = "<group>"; };
/* End PBXFileReference section */

/* Begin PBXFrameworksBuildPhase section */
		FADA7F0A2838C39500916152 /* Frameworks */ = {
			isa = PBXFrameworksBuildPhase;
			buildActionMask = 2147483647;
			files = (
			);
			runOnlyForDeploymentPostprocessing = 0;
		};
		FADA7F1F2838C39A00916152 /* Frameworks */ = {
			isa = PBXFrameworksBuildPhase;
			buildActionMask = 2147483647;
			files = (
			);
			runOnlyForDeploymentPostprocessing = 0;
		};
		FADA7F292838C39A00916152 /* Frameworks */ = {
			isa = PBXFrameworksBuildPhase;
			buildActionMask = 2147483647;
			files = (
			);
			runOnlyForDeploymentPostprocessing = 0;
		};
/* End PBXFrameworksBuildPhase section */

/* Begin PBXGroup section */
		FADA7F042838C39500916152 = {
			isa = PBXGroup;
			children = (
				FADA7F0F2838C39500916152 /* metaring */,
				FADA7F252838C39A00916152 /* metaringTests */,
				FADA7F2F2838C39A00916152 /* metaringUITests */,
				FADA7F0E2838C39500916152 /* Products */,
			);
			sourceTree = "<group>";
		};
		FADA7F0E2838C39500916152 /* Products */ = {
			isa = PBXGroup;
			children = (
				FADA7F0D2838C39500916152 /* metaring.app */,
				FADA7F222838C39A00916152 /* metaringTests.xctest */,
				FADA7F2C2838C39A00916152 /* metaringUITests.xctest */,
			);
			name = Products;
			sourceTree = "<group>";
		};
		FADA7F0F2838C39500916152 /* metaring */ = {
			isa = PBXGroup;
			children = (
				FADA7F7F2838D9BC00916152 /* Helpers */,
				FADA7F7A2838D7F500916152 /* Views */,
				FADA7F102838C39500916152 /* metaringApp.swift */,
				FADA7F122838C39500916152 /* ContentView.swift */,
				FADA7F142838C39A00916152 /* Assets.xcassets */,
				FADA7F192838C39A00916152 /* Persistence.swift */,
				FADA7F1B2838C39A00916152 /* metaring.xcdatamodeld */,
				FADA7F162838C39A00916152 /* Preview Content */,
			);
			path = metaring;
			sourceTree = "<group>";
		};
		FADA7F162838C39A00916152 /* Preview Content */ = {
			isa = PBXGroup;
			children = (
				FADA7F172838C39A00916152 /* Preview Assets.xcassets */,
			);
			path = "Preview Content";
			sourceTree = "<group>";
		};
		FADA7F252838C39A00916152 /* metaringTests */ = {
			isa = PBXGroup;
			children = (
				FADA7F262838C39A00916152 /* metaringTests.swift */,
			);
			path = metaringTests;
			sourceTree = "<group>";
		};
		FADA7F2F2838C39A00916152 /* metaringUITests */ = {
			isa = PBXGroup;
			children = (
				FADA7F302838C39A00916152 /* metaringUITests.swift */,
				FADA7F322838C39A00916152 /* metaringUITestsLaunchTests.swift */,
			);
			path = metaringUITests;
			sourceTree = "<group>";
		};
		FADA7F7A2838D7F500916152 /* Views */ = {
			isa = PBXGroup;
			children = (
				FADA7F7B2838D81400916152 /* DashboardView.swift */,
				FADA7F7D2838D88500916152 /* DashboardButtonView.swift */,
				FADA7F822838EFB700916152 /* DashboardHeaderView.swift */,
				FADA7F922838FD9D00916152 /* MultiLineChartView.swift */,
			);
			path = Views;
			sourceTree = "<group>";
		};
		FADA7F7F2838D9BC00916152 /* Helpers */ = {
			isa = PBXGroup;
			children = (
				FADA7F802838D9D000916152 /* AssetHelpers.swift */,
			);
			path = Helpers;
			sourceTree = "<group>";
		};
/* End PBXGroup section */

/* Begin PBXNativeTarget section */
		FADA7F0C2838C39500916152 /* metaring */ = {
			isa = PBXNativeTarget;
			buildConfigurationList = FADA7F362838C39A00916152 /* Build configuration list for PBXNativeTarget "metaring" */;
			buildPhases = (
				F836CCC3BC85585CBB109C68 /* [CP] Check Pods Manifest.lock */,
				FADA7F092838C39500916152 /* Sources */,
				FADA7F0A2838C39500916152 /* Frameworks */,
				FADA7F0B2838C39500916152 /* Resources */,
				78F1D359D56F4F4D5236512F /* [CP] Embed Pods Frameworks */,
			);
			buildRules = (
			);
			dependencies = (
			);
			name = metaring;
			packageProductDependencies = (
			);
			productName = metaring;
			productReference = FADA7F0D2838C39500916152 /* metaring.app */;
			productType = "com.apple.product-type.application";
		};
		FADA7F212838C39A00916152 /* metaringTests */ = {
			isa = PBXNativeTarget;
			buildConfigurationList = FADA7F392838C39A00916152 /* Build configuration list for PBXNativeTarget "metaringTests" */;
			buildPhases = (
				06DBCC245DEA4ED15C1F50CE /* [CP] Check Pods Manifest.lock */,
				FADA7F1E2838C39A00916152 /* Sources */,
				FADA7F1F2838C39A00916152 /* Frameworks */,
				FADA7F202838C39A00916152 /* Resources */,
			);
			buildRules = (
			);
			dependencies = (
				FADA7F242838C39A00916152 /* PBXTargetDependency */,
			);
			name = metaringTests;
			productName = metaringTests;
			productReference = FADA7F222838C39A00916152 /* metaringTests.xctest */;
			productType = "com.apple.product-type.bundle.unit-test";
		};
		FADA7F2B2838C39A00916152 /* metaringUITests */ = {
			isa = PBXNativeTarget;
			buildConfigurationList = FADA7F3C2838C39A00916152 /* Build configuration list for PBXNativeTarget "metaringUITests" */;
			buildPhases = (
				A3FAA4A45028A88B0CF9A433 /* [CP] Check Pods Manifest.lock */,
				FADA7F282838C39A00916152 /* Sources */,
				FADA7F292838C39A00916152 /* Frameworks */,
				FADA7F2A2838C39A00916152 /* Resources */,
				C4706F0AA2CEBC605AF29EC5 /* [CP] Embed Pods Frameworks */,
			);
			buildRules = (
			);
			dependencies = (
				FADA7F2E2838C39A00916152 /* PBXTargetDependency */,
			);
			name = metaringUITests;
			productName = metaringUITests;
			productReference = FADA7F2C2838C39A00916152 /* metaringUITests.xctest */;
			productType = "com.apple.product-type.bundle.ui-testing";
		};
/* End PBXNativeTarget section */

/* Begin PBXProject section */
		FADA7F052838C39500916152 /* Project object */ = {
			isa = PBXProject;
			attributes = {
				BuildIndependentTargetsInParallel = 1;
				LastSwiftUpdateCheck = 1340;
				LastUpgradeCheck = 1340;
				TargetAttributes = {
					FADA7F0C2838C39500916152 = {
						CreatedOnToolsVersion = 13.4;
					};
					FADA7F212838C39A00916152 = {
						CreatedOnToolsVersion = 13.4;
						TestTargetID = FADA7F0C2838C39500916152;
					};
					FADA7F2B2838C39A00916152 = {
						CreatedOnToolsVersion = 13.4;
						TestTargetID = FADA7F0C2838C39500916152;
					};
				};
			};
			buildConfigurationList = FADA7F082838C39500916152 /* Build configuration list for PBXProject "metaring" */;
			compatibilityVersion = "Xcode 13.0";
			developmentRegion = en;
			hasScannedForEncodings = 0;
			knownRegions = (
				en,
				Base,
			);
			mainGroup = FADA7F042838C39500916152;
			packageReferences = (
			);
			productRefGroup = FADA7F0E2838C39500916152 /* Products */;
			projectDirPath = "";
			projectRoot = "";
			targets = (
				FADA7F0C2838C39500916152 /* metaring */,
				FADA7F212838C39A00916152 /* metaringTests */,
				FADA7F2B2838C39A00916152 /* metaringUITests */,
			);
		};
/* End PBXProject section */

/* Begin PBXResourcesBuildPhase section */
		FADA7F0B2838C39500916152 /* Resources */ = {
			isa = PBXResourcesBuildPhase;
			buildActionMask = 2147483647;
			files = (
				FADA7F182838C39A00916152 /* Preview Assets.xcassets in Resources */,
				FADA7F152838C39A00916152 /* Assets.xcassets in Resources */,
			);
			runOnlyForDeploymentPostprocessing = 0;
		};
		FADA7F202838C39A00916152 /* Resources */ = {
			isa = PBXResourcesBuildPhase;
			buildActionMask = 2147483647;
			files = (
			);
			runOnlyForDeploymentPostprocessing = 0;
		};
		FADA7F2A2838C39A00916152 /* Resources */ = {
			isa = PBXResourcesBuildPhase;
			buildActionMask = 2147483647;
			files = (
			);
			runOnlyForDeploymentPostprocessing = 0;
		};
/* End PBXResourcesBuildPhase section */

/* Begin PBXShellScriptBuildPhase section */
		06DBCC245DEA4ED15C1F50CE /* [CP] Check Pods Manifest.lock */ = {
			isa = PBXShellScriptBuildPhase;
			buildActionMask = 2147483647;
			files = (
			);
			inputFileListPaths = (
			);
			inputPaths = (
				"${PODS_PODFILE_DIR_PATH}/Podfile.lock",
				"${PODS_ROOT}/Manifest.lock",
			);
			name = "[CP] Check Pods Manifest.lock";
			outputFileListPaths = (
			);
			outputPaths = (
				"$(DERIVED_FILE_DIR)/Pods-metaringTests-checkManifestLockResult.txt",
			);
			runOnlyForDeploymentPostprocessing = 0;
			shellPath = /bin/sh;
			shellScript = "diff \"${PODS_PODFILE_DIR_PATH}/Podfile.lock\" \"${PODS_ROOT}/Manifest.lock\" > /dev/null\nif [ $? != 0 ] ; then\n    # print error to STDERR\n    echo \"error: The sandbox is not in sync with the Podfile.lock. Run 'pod install' or update your CocoaPods installation.\" >&2\n    exit 1\nfi\n# This output is used by Xcode 'outputs' to avoid re-running this script phase.\necho \"SUCCESS\" > \"${SCRIPT_OUTPUT_FILE_0}\"\n";
			showEnvVarsInLog = 0;
		};
		78F1D359D56F4F4D5236512F /* [CP] Embed Pods Frameworks */ = {
			isa = PBXShellScriptBuildPhase;
			buildActionMask = 2147483647;
			files = (
			);
			inputFileListPaths = (
				"${PODS_ROOT}/Target Support Files/Pods-metaring/Pods-metaring-frameworks-${CONFIGURATION}-input-files.xcfilelist",
			);
			name = "[CP] Embed Pods Frameworks";
			outputFileListPaths = (
				"${PODS_ROOT}/Target Support Files/Pods-metaring/Pods-metaring-frameworks-${CONFIGURATION}-output-files.xcfilelist",
			);
			runOnlyForDeploymentPostprocessing = 0;
			shellPath = /bin/sh;
			shellScript = "\"${PODS_ROOT}/Target Support Files/Pods-metaring/Pods-metaring-frameworks.sh\"\n";
			showEnvVarsInLog = 0;
		};
		A3FAA4A45028A88B0CF9A433 /* [CP] Check Pods Manifest.lock */ = {
			isa = PBXShellScriptBuildPhase;
			buildActionMask = 2147483647;
			files = (
			);
			inputFileListPaths = (
			);
			inputPaths = (
				"${PODS_PODFILE_DIR_PATH}/Podfile.lock",
				"${PODS_ROOT}/Manifest.lock",
			);
			name = "[CP] Check Pods Manifest.lock";
			outputFileListPaths = (
			);
			outputPaths = (
				"$(DERIVED_FILE_DIR)/Pods-metaring-metaringUITests-checkManifestLockResult.txt",
			);
			runOnlyForDeploymentPostprocessing = 0;
			shellPath = /bin/sh;
			shellScript = "diff \"${PODS_PODFILE_DIR_PATH}/Podfile.lock\" \"${PODS_ROOT}/Manifest.lock\" > /dev/null\nif [ $? != 0 ] ; then\n    # print error to STDERR\n    echo \"error: The sandbox is not in sync with the Podfile.lock. Run 'pod install' or update your CocoaPods installation.\" >&2\n    exit 1\nfi\n# This output is used by Xcode 'outputs' to avoid re-running this script phase.\necho \"SUCCESS\" > \"${SCRIPT_OUTPUT_FILE_0}\"\n";
			showEnvVarsInLog = 0;
		};
		C4706F0AA2CEBC605AF29EC5 /* [CP] Embed Pods Frameworks */ = {
			isa = PBXShellScriptBuildPhase;
			buildActionMask = 2147483647;
			files = (
			);
			inputFileListPaths = (
				"${PODS_ROOT}/Target Support Files/Pods-metaring-metaringUITests/Pods-metaring-metaringUITests-frameworks-${CONFIGURATION}-input-files.xcfilelist",
			);
			name = "[CP] Embed Pods Frameworks";
			outputFileListPaths = (
				"${PODS_ROOT}/Target Support Files/Pods-metaring-metaringUITests/Pods-metaring-metaringUITests-frameworks-${CONFIGURATION}-output-files.xcfilelist",
			);
			runOnlyForDeploymentPostprocessing = 0;
			shellPath = /bin/sh;
			shellScript = "\"${PODS_ROOT}/Target Support Files/Pods-metaring-metaringUITests/Pods-metaring-metaringUITests-frameworks.sh\"\n";
			showEnvVarsInLog = 0;
		};
		F836CCC3BC85585CBB109C68 /* [CP] Check Pods Manifest.lock */ = {
			isa = PBXShellScriptBuildPhase;
			buildActionMask = 2147483647;
			files = (
			);
			inputFileListPaths = (
			);
			inputPaths = (
				"${PODS_PODFILE_DIR_PATH}/Podfile.lock",
				"${PODS_ROOT}/Manifest.lock",
			);
			name = "[CP] Check Pods Manifest.lock";
			outputFileListPaths = (
			);
			outputPaths = (
				"$(DERIVED_FILE_DIR)/Pods-metaring-checkManifestLockResult.txt",
			);
			runOnlyForDeploymentPostprocessing = 0;
			shellPath = /bin/sh;
			shellScript = "diff \"${PODS_PODFILE_DIR_PATH}/Podfile.lock\" \"${PODS_ROOT}/Manifest.lock\" > /dev/null\nif [ $? != 0 ] ; then\n    # print error to STDERR\n    echo \"error: The sandbox is not in sync with the Podfile.lock. Run 'pod install' or update your CocoaPods installation.\" >&2\n    exit 1\nfi\n# This output is used by Xcode 'outputs' to avoid re-running this script phase.\necho \"SUCCESS\" > \"${SCRIPT_OUTPUT_FILE_0}\"\n";
			showEnvVarsInLog = 0;
		};
/* End PBXShellScriptBuildPhase section */

/* Begin PBXSourcesBuildPhase section */
		FADA7F092838C39500916152 /* Sources */ = {
			isa = PBXSourcesBuildPhase;
			buildActionMask = 2147483647;
			files = (
				FADA7F832838EFB700916152 /* DashboardHeaderView.swift in Sources */,
				FADA7F1D2838C39A00916152 /* metaring.xcdatamodeld in Sources */,
				FADA7F932838FD9D00916152 /* MultiLineChartView.swift in Sources */,
				FADA7F1A2838C39A00916152 /* Persistence.swift in Sources */,
				FADA7F812838D9D000916152 /* AssetHelpers.swift in Sources */,
				FADA7F7C2838D81400916152 /* DashboardView.swift in Sources */,
				FADA7F7E2838D88500916152 /* DashboardButtonView.swift in Sources */,
				FADA7F132838C39500916152 /* ContentView.swift in Sources */,
				FADA7F112838C39500916152 /* metaringApp.swift in Sources */,
			);
			runOnlyForDeploymentPostprocessing = 0;
		};
		FADA7F1E2838C39A00916152 /* Sources */ = {
			isa = PBXSourcesBuildPhase;
			buildActionMask = 2147483647;
			files = (
				FADA7F272838C39A00916152 /* metaringTests.swift in Sources */,
			);
			runOnlyForDeploymentPostprocessing = 0;
		};
		FADA7F282838C39A00916152 /* Sources */ = {
			isa = PBXSourcesBuildPhase;
			buildActionMask = 2147483647;
			files = (
				FADA7F332838C39A00916152 /* metaringUITestsLaunchTests.swift in Sources */,
				FADA7F312838C39A00916152 /* metaringUITests.swift in Sources */,
			);
			runOnlyForDeploymentPostprocessing = 0;
		};
/* End PBXSourcesBuildPhase section */

/* Begin PBXTargetDependency section */
		FADA7F242838C39A00916152 /* PBXTargetDependency */ = {
			isa = PBXTargetDependency;
			target = FADA7F0C2838C39500916152 /* metaring */;
			targetProxy = FADA7F232838C39A00916152 /* PBXContainerItemProxy */;
		};
		FADA7F2E2838C39A00916152 /* PBXTargetDependency */ = {
			isa = PBXTargetDependency;
			target = FADA7F0C2838C39500916152 /* metaring */;
			targetProxy = FADA7F2D2838C39A00916152 /* PBXContainerItemProxy */;
		};
/* End PBXTargetDependency section */

/* Begin XCBuildConfiguration section */
		FADA7F342838C39A00916152 /* Debug */ = {
			isa = XCBuildConfiguration;
			buildSettings = {
				ALWAYS_SEARCH_USER_PATHS = NO;
				CLANG_ANALYZER_NONNULL = YES;
				CLANG_ANALYZER_NUMBER_OBJECT_CONVERSION = YES_AGGRESSIVE;
				CLANG_CXX_LANGUAGE_STANDARD = "gnu++17";
				CLANG_ENABLE_MODULES = YES;
				CLANG_ENABLE_OBJC_ARC = YES;
				CLANG_ENABLE_OBJC_WEAK = YES;
				CLANG_WARN_BLOCK_CAPTURE_AUTORELEASING = YES;
				CLANG_WARN_BOOL_CONVERSION = YES;
				CLANG_WARN_COMMA = YES;
				CLANG_WARN_CONSTANT_CONVERSION = YES;
				CLANG_WARN_DEPRECATED_OBJC_IMPLEMENTATIONS = YES;
				CLANG_WARN_DIRECT_OBJC_ISA_USAGE = YES_ERROR;
				CLANG_WARN_DOCUMENTATION_COMMENTS = YES;
				CLANG_WARN_EMPTY_BODY = YES;
				CLANG_WARN_ENUM_CONVERSION = YES;
				CLANG_WARN_INFINITE_RECURSION = YES;
				CLANG_WARN_INT_CONVERSION = YES;
				CLANG_WARN_NON_LITERAL_NULL_CONVERSION = YES;
				CLANG_WARN_OBJC_IMPLICIT_RETAIN_SELF = YES;
				CLANG_WARN_OBJC_LITERAL_CONVERSION = YES;
				CLANG_WARN_OBJC_ROOT_CLASS = YES_ERROR;
				CLANG_WARN_QUOTED_INCLUDE_IN_FRAMEWORK_HEADER = YES;
				CLANG_WARN_RANGE_LOOP_ANALYSIS = YES;
				CLANG_WARN_STRICT_PROTOTYPES = YES;
				CLANG_WARN_SUSPICIOUS_MOVE = YES;
				CLANG_WARN_UNGUARDED_AVAILABILITY = YES_AGGRESSIVE;
				CLANG_WARN_UNREACHABLE_CODE = YES;
				CLANG_WARN__DUPLICATE_METHOD_MATCH = YES;
				COPY_PHASE_STRIP = NO;
				DEBUG_INFORMATION_FORMAT = dwarf;
				ENABLE_STRICT_OBJC_MSGSEND = YES;
				ENABLE_TESTABILITY = YES;
				GCC_C_LANGUAGE_STANDARD = gnu11;
				GCC_DYNAMIC_NO_PIC = NO;
				GCC_NO_COMMON_BLOCKS = YES;
				GCC_OPTIMIZATION_LEVEL = 0;
				GCC_PREPROCESSOR_DEFINITIONS = (
					"DEBUG=1",
					"$(inherited)",
				);
				GCC_WARN_64_TO_32_BIT_CONVERSION = YES;
				GCC_WARN_ABOUT_RETURN_TYPE = YES_ERROR;
				GCC_WARN_UNDECLARED_SELECTOR = YES;
				GCC_WARN_UNINITIALIZED_AUTOS = YES_AGGRESSIVE;
				GCC_WARN_UNUSED_FUNCTION = YES;
				GCC_WARN_UNUSED_VARIABLE = YES;
				IPHONEOS_DEPLOYMENT_TARGET = 15.5;
				MTL_ENABLE_DEBUG_INFO = INCLUDE_SOURCE;
				MTL_FAST_MATH = YES;
				ONLY_ACTIVE_ARCH = YES;
				SDKROOT = iphoneos;
				SWIFT_ACTIVE_COMPILATION_CONDITIONS = DEBUG;
				SWIFT_OPTIMIZATION_LEVEL = "-Onone";
			};
			name = Debug;
		};
		FADA7F352838C39A00916152 /* Release */ = {
			isa = XCBuildConfiguration;
			buildSettings = {
				ALWAYS_SEARCH_USER_PATHS = NO;
				CLANG_ANALYZER_NONNULL = YES;
				CLANG_ANALYZER_NUMBER_OBJECT_CONVERSION = YES_AGGRESSIVE;
				CLANG_CXX_LANGUAGE_STANDARD = "gnu++17";
				CLANG_ENABLE_MODULES = YES;
				CLANG_ENABLE_OBJC_ARC = YES;
				CLANG_ENABLE_OBJC_WEAK = YES;
				CLANG_WARN_BLOCK_CAPTURE_AUTORELEASING = YES;
				CLANG_WARN_BOOL_CONVERSION = YES;
				CLANG_WARN_COMMA = YES;
				CLANG_WARN_CONSTANT_CONVERSION = YES;
				CLANG_WARN_DEPRECATED_OBJC_IMPLEMENTATIONS = YES;
				CLANG_WARN_DIRECT_OBJC_ISA_USAGE = YES_ERROR;
				CLANG_WARN_DOCUMENTATION_COMMENTS = YES;
				CLANG_WARN_EMPTY_BODY = YES;
				CLANG_WARN_ENUM_CONVERSION = YES;
				CLANG_WARN_INFINITE_RECURSION = YES;
				CLANG_WARN_INT_CONVERSION = YES;
				CLANG_WARN_NON_LITERAL_NULL_CONVERSION = YES;
				CLANG_WARN_OBJC_IMPLICIT_RETAIN_SELF = YES;
				CLANG_WARN_OBJC_LITERAL_CONVERSION = YES;
				CLANG_WARN_OBJC_ROOT_CLASS = YES_ERROR;
				CLANG_WARN_QUOTED_INCLUDE_IN_FRAMEWORK_HEADER = YES;
				CLANG_WARN_RANGE_LOOP_ANALYSIS = YES;
				CLANG_WARN_STRICT_PROTOTYPES = YES;
				CLANG_WARN_SUSPICIOUS_MOVE = YES;
				CLANG_WARN_UNGUARDED_AVAILABILITY = YES_AGGRESSIVE;
				CLANG_WARN_UNREACHABLE_CODE = YES;
				CLANG_WARN__DUPLICATE_METHOD_MATCH = YES;
				COPY_PHASE_STRIP = NO;
				DEBUG_INFORMATION_FORMAT = "dwarf-with-dsym";
				ENABLE_NS_ASSERTIONS = NO;
				ENABLE_STRICT_OBJC_MSGSEND = YES;
				GCC_C_LANGUAGE_STANDARD = gnu11;
				GCC_NO_COMMON_BLOCKS = YES;
				GCC_WARN_64_TO_32_BIT_CONVERSION = YES;
				GCC_WARN_ABOUT_RETURN_TYPE = YES_ERROR;
				GCC_WARN_UNDECLARED_SELECTOR = YES;
				GCC_WARN_UNINITIALIZED_AUTOS = YES_AGGRESSIVE;
				GCC_WARN_UNUSED_FUNCTION = YES;
				GCC_WARN_UNUSED_VARIABLE = YES;
				IPHONEOS_DEPLOYMENT_TARGET = 15.5;
				MTL_ENABLE_DEBUG_INFO = NO;
				MTL_FAST_MATH = YES;
				SDKROOT = iphoneos;
				SWIFT_COMPILATION_MODE = wholemodule;
				SWIFT_OPTIMIZATION_LEVEL = "-O";
				VALIDATE_PRODUCT = YES;
			};
			name = Release;
		};
		FADA7F372838C39A00916152 /* Debug */ = {
			isa = XCBuildConfiguration;
			buildSettings = {
				ASSETCATALOG_COMPILER_APPICON_NAME = AppIcon;
				ASSETCATALOG_COMPILER_GLOBAL_ACCENT_COLOR_NAME = AccentColor;
				CODE_SIGN_STYLE = Automatic;
				CURRENT_PROJECT_VERSION = 1;
				DEVELOPMENT_ASSET_PATHS = "\"metaring/Preview Content\"";
				DEVELOPMENT_TEAM = Q4FVKJHX54;
				ENABLE_PREVIEWS = YES;
				GENERATE_INFOPLIST_FILE = YES;
				INFOPLIST_KEY_UIApplicationSceneManifest_Generation = YES;
				INFOPLIST_KEY_UIApplicationSupportsIndirectInputEvents = YES;
				INFOPLIST_KEY_UILaunchScreen_Generation = YES;
				INFOPLIST_KEY_UISupportedInterfaceOrientations_iPad = "UIInterfaceOrientationPortrait UIInterfaceOrientationPortraitUpsideDown UIInterfaceOrientationLandscapeLeft UIInterfaceOrientationLandscapeRight";
				INFOPLIST_KEY_UISupportedInterfaceOrientations_iPhone = "UIInterfaceOrientationPortrait UIInterfaceOrientationLandscapeLeft UIInterfaceOrientationLandscapeRight";
				LD_RUNPATH_SEARCH_PATHS = (
					"$(inherited)",
					"@executable_path/Frameworks",
				);
				MARKETING_VERSION = 1.0;
				PRODUCT_BUNDLE_IDENTIFIER = com.metaring;
				PRODUCT_NAME = "$(TARGET_NAME)";
				SWIFT_EMIT_LOC_STRINGS = YES;
				SWIFT_VERSION = 5.0;
				TARGETED_DEVICE_FAMILY = 1;
			};
			name = Debug;
		};
		FADA7F382838C39A00916152 /* Release */ = {
			isa = XCBuildConfiguration;
			buildSettings = {
				ASSETCATALOG_COMPILER_APPICON_NAME = AppIcon;
				ASSETCATALOG_COMPILER_GLOBAL_ACCENT_COLOR_NAME = AccentColor;
				CODE_SIGN_STYLE = Automatic;
				CURRENT_PROJECT_VERSION = 1;
				DEVELOPMENT_ASSET_PATHS = "\"metaring/Preview Content\"";
				DEVELOPMENT_TEAM = Q4FVKJHX54;
				ENABLE_PREVIEWS = YES;
				GENERATE_INFOPLIST_FILE = YES;
				INFOPLIST_KEY_UIApplicationSceneManifest_Generation = YES;
				INFOPLIST_KEY_UIApplicationSupportsIndirectInputEvents = YES;
				INFOPLIST_KEY_UILaunchScreen_Generation = YES;
				INFOPLIST_KEY_UISupportedInterfaceOrientations_iPad = "UIInterfaceOrientationPortrait UIInterfaceOrientationPortraitUpsideDown UIInterfaceOrientationLandscapeLeft UIInterfaceOrientationLandscapeRight";
				INFOPLIST_KEY_UISupportedInterfaceOrientations_iPhone = "UIInterfaceOrientationPortrait UIInterfaceOrientationLandscapeLeft UIInterfaceOrientationLandscapeRight";
				LD_RUNPATH_SEARCH_PATHS = (
					"$(inherited)",
					"@executable_path/Frameworks",
				);
				MARKETING_VERSION = 1.0;
				PRODUCT_BUNDLE_IDENTIFIER = com.metaring;
				PRODUCT_NAME = "$(TARGET_NAME)";
				SWIFT_EMIT_LOC_STRINGS = YES;
				SWIFT_VERSION = 5.0;
				TARGETED_DEVICE_FAMILY = 1;
			};
			name = Release;
		};
		FADA7F3A2838C39A00916152 /* Debug */ = {
			isa = XCBuildConfiguration;
			buildSettings = {
				ALWAYS_EMBED_SWIFT_STANDARD_LIBRARIES = YES;
				BUNDLE_LOADER = "$(TEST_HOST)";
				CODE_SIGN_STYLE = Automatic;
				CURRENT_PROJECT_VERSION = 1;
				DEVELOPMENT_TEAM = Q4FVKJHX54;
				GENERATE_INFOPLIST_FILE = YES;
				IPHONEOS_DEPLOYMENT_TARGET = 15.5;
				MARKETING_VERSION = 1.0;
				PRODUCT_BUNDLE_IDENTIFIER = com.metaringTests;
				PRODUCT_NAME = "$(TARGET_NAME)";
				SWIFT_EMIT_LOC_STRINGS = NO;
				SWIFT_VERSION = 5.0;
				TARGETED_DEVICE_FAMILY = "1,2";
				TEST_HOST = "$(BUILT_PRODUCTS_DIR)/metaring.app/metaring";
			};
			name = Debug;
		};
		FADA7F3B2838C39A00916152 /* Release */ = {
			isa = XCBuildConfiguration;
			buildSettings = {
				ALWAYS_EMBED_SWIFT_STANDARD_LIBRARIES = YES;
				BUNDLE_LOADER = "$(TEST_HOST)";
				CODE_SIGN_STYLE = Automatic;
				CURRENT_PROJECT_VERSION = 1;
				DEVELOPMENT_TEAM = Q4FVKJHX54;
				GENERATE_INFOPLIST_FILE = YES;
				IPHONEOS_DEPLOYMENT_TARGET = 15.5;
				MARKETING_VERSION = 1.0;
				PRODUCT_BUNDLE_IDENTIFIER = com.metaringTests;
				PRODUCT_NAME = "$(TARGET_NAME)";
				SWIFT_EMIT_LOC_STRINGS = NO;
				SWIFT_VERSION = 5.0;
				TARGETED_DEVICE_FAMILY = "1,2";
				TEST_HOST = "$(BUILT_PRODUCTS_DIR)/metaring.app/metaring";
			};
			name = Release;
		};
		FADA7F3D2838C39A00916152 /* Debug */ = {
			isa = XCBuildConfiguration;
			buildSettings = {
				ALWAYS_EMBED_SWIFT_STANDARD_LIBRARIES = YES;
				CODE_SIGN_STYLE = Automatic;
				CURRENT_PROJECT_VERSION = 1;
				DEVELOPMENT_TEAM = Q4FVKJHX54;
				GENERATE_INFOPLIST_FILE = YES;
				MARKETING_VERSION = 1.0;
				PRODUCT_BUNDLE_IDENTIFIER = com.metaringUITests;
				PRODUCT_NAME = "$(TARGET_NAME)";
				SWIFT_EMIT_LOC_STRINGS = NO;
				SWIFT_VERSION = 5.0;
				TARGETED_DEVICE_FAMILY = "1,2";
				TEST_TARGET_NAME = metaring;
			};
			name = Debug;
		};
		FADA7F3E2838C39A00916152 /* Release */ = {
			isa = XCBuildConfiguration;
			buildSettings = {
				ALWAYS_EMBED_SWIFT_STANDARD_LIBRARIES = YES;
				CODE_SIGN_STYLE = Automatic;
				CURRENT_PROJECT_VERSION = 1;
				DEVELOPMENT_TEAM = Q4FVKJHX54;
				GENERATE_INFOPLIST_FILE = YES;
				MARKETING_VERSION = 1.0;
				PRODUCT_BUNDLE_IDENTIFIER = com.metaringUITests;
				PRODUCT_NAME = "$(TARGET_NAME)";
				SWIFT_EMIT_LOC_STRINGS = NO;
				SWIFT_VERSION = 5.0;
				TARGETED_DEVICE_FAMILY = "1,2";
				TEST_TARGET_NAME = metaring;
			};
			name = Release;
		};
/* End XCBuildConfiguration section */

/* Begin XCConfigurationList section */
		FADA7F082838C39500916152 /* Build configuration list for PBXProject "metaring" */ = {
			isa = XCConfigurationList;
			buildConfigurations = (
				FADA7F342838C39A00916152 /* Debug */,
				FADA7F352838C39A00916152 /* Release */,
			);
			defaultConfigurationIsVisible = 0;
			defaultConfigurationName = Release;
		};
		FADA7F362838C39A00916152 /* Build configuration list for PBXNativeTarget "metaring" */ = {
			isa = XCConfigurationList;
			buildConfigurations = (
				FADA7F372838C39A00916152 /* Debug */,
				FADA7F382838C39A00916152 /* Release */,
			);
			defaultConfigurationIsVisible = 0;
			defaultConfigurationName = Release;
		};
		FADA7F392838C39A00916152 /* Build configuration list for PBXNativeTarget "metaringTests" */ = {
			isa = XCConfigurationList;
			buildConfigurations = (
				FADA7F3A2838C39A00916152 /* Debug */,
				FADA7F3B2838C39A00916152 /* Release */,
			);
			defaultConfigurationIsVisible = 0;
			defaultConfigurationName = Release;
		};
		FADA7F3C2838C39A00916152 /* Build configuration list for PBXNativeTarget "metaringUITests" */ = {
			isa = XCConfigurationList;
			buildConfigurations = (
				FADA7F3D2838C39A00916152 /* Debug */,
				FADA7F3E2838C39A00916152 /* Release */,
			);
			defaultConfigurationIsVisible = 0;
			defaultConfigurationName = Release;
		};
/* End XCConfigurationList section */

/* Begin XCVersionGroup section */
		FADA7F1B2838C39A00916152 /* metaring.xcdatamodeld */ = {
			isa = XCVersionGroup;
			children = (
				FADA7F1C2838C39A00916152 /* metaring.xcdatamodel */,
			);
			currentVersion = FADA7F1C2838C39A00916152 /* metaring.xcdatamodel */;
			path = metaring.xcdatamodeld;
			sourceTree = "<group>";
			versionGroupType = wrapper.xcdatamodel;
		};
/* End XCVersionGroup section */
	};
	rootObject = FADA7F052838C39500916152 /* Project object */;
}
